<?xml version="1.0" encoding="utf-8"?>
<Project ToolsVersion="16.0" xmlns="http://schemas.microsoft.com/developer/msbuild/2003">
  <ItemGroup>
    <CustomBuild Include="C:\Users\habibelo\Desktop\grad\thesis\duo-clean\vc-server\cfddiscovery-master\CMakeFiles\c66758014ad00ace84310bc6e3c1ed30\generate.stamp.rule">
      <Filter>CMake Rules</Filter>
    </CustomBuild>
  </ItemGroup>
  <ItemGroup>
    <Filter Include="CMake Rules">
      <UniqueIdentifier>{925776BF-C65D-3EA2-BD94-0706CBA09BD9}</UniqueIdentifier>
    </Filter>
  </ItemGroup>
</Project>
